
Microsoft Visual Studio Solution File, Format Version 12.00
# Visual Studio Version 16
VisualStudioVersion = 16.0.29215.179
MinimumVisualStudioVersion = 10.0.40219.1
Project("{FAE04EC0-301F-11D3-BF4B-00C04F79EFBC}") = "cv2", "cv2\cv2.csproj", "{D38987C7-396E-4968-83BB-828BCC00DA91}"
EndProject
Global
	GlobalSection(SolutionConfigurationPlatforms) = preSolution
		Debug|Any CPU = Debug|Any CPU
		Release|Any CPU = Release|Any CPU
	EndGlobalSection
	GlobalSection(ProjectConfigurationPlatforms) = postSolution
		{D38987C7-396E-4968-83BB-828BCC00DA91}.Debug|Any CPU.ActiveCfg = Debug|Any CPU
		{D38987C7-396E-4968-83BB-828BCC00DA91}.Debug|Any CPU.Build.0 = Debug|Any CPU
		{D38987C7-396E-4968-83BB-828BCC00DA91}.Release|Any CPU.ActiveCfg = Release|Any CPU
		{D38987C7-396E-4968-83BB-828BCC00DA91}.Release|Any CPU.Build.0 = Release|Any CPU
	EndGlobalSection
	GlobalSection(SolutionProperties) = preSolution
		HideSolutionNode = FALSE
	EndGlobalSection
	GlobalSection(ExtensibilityGlobals) = postSolution
		SolutionGuid = {E1B06E33-F0EF-4B8C-9AAB-496AD4624BF5}
	EndGlobalSection
EndGlobal
